
Microsoft Visual Studio Solution File, Format Version 12.00
# Visual Studio 15
VisualStudioVersion = 15.0.28307.705
MinimumVisualStudioVersion = 10.0.40219.1
Project("{FAE04EC0-301F-11D3-BF4B-00C04F79EFBC}") = "MyShop.Core", "MyShop.Core\MyShop.Core.csproj", "{67D305AA-461F-4F83-AD16-BEE284221D22}"
EndProject
Project("{FAE04EC0-301F-11D3-BF4B-00C04F79EFBC}") = "MyShop.Services", "MyShop.Services\MyShop.Services.csproj", "{02A27E0A-4EE0-4065-8214-CFC041C7BD61}"
EndProject
Project("{FAE04EC0-301F-11D3-BF4B-00C04F79EFBC}") = "MyShop.DataAccess.SQL", "MyShop.DataAccess.SQL\MyShop.DataAccess.SQL.csproj", "{EA459B9B-0F4E-45C3-ADD4-71838C924070}"
EndProject
Project("{FAE04EC0-301F-11D3-BF4B-00C04F79EFBC}") = "MyShop.DataAccess.InMemory", "MyShop.DataAccess.InMemory\MyShop.DataAccess.InMemory.csproj", "{A1D725A7-2C9D-4AB3-964A-039ECEAA0C94}"
EndProject
Project("{FAE04EC0-301F-11D3-BF4B-00C04F79EFBC}") = "MyShop.WebUI", "MyShop.WebUI\MyShop.WebUI.csproj", "{1BC8A09B-4325-4BA0-9D7D-2DDF07A20B8C}"
EndProject
Project("{FAE04EC0-301F-11D3-BF4B-00C04F79EFBC}") = "MyShop.WebUI.Tests", "MyShop.WebUI.Tests\MyShop.WebUI.Tests.csproj", "{7B3832E0-75B3-4ADB-A7B9-780A01C66D7F}"
EndProject
Global
	GlobalSection(SolutionConfigurationPlatforms) = preSolution
		Debug|Any CPU = Debug|Any CPU
		Release|Any CPU = Release|Any CPU
	EndGlobalSection
	GlobalSection(ProjectConfigurationPlatforms) = postSolution
		{67D305AA-461F-4F83-AD16-BEE284221D22}.Debug|Any CPU.ActiveCfg = Debug|Any CPU
		{67D305AA-461F-4F83-AD16-BEE284221D22}.Debug|Any CPU.Build.0 = Debug|Any CPU
		{67D305AA-461F-4F83-AD16-BEE284221D22}.Release|Any CPU.ActiveCfg = Release|Any CPU
		{67D305AA-461F-4F83-AD16-BEE284221D22}.Release|Any CPU.Build.0 = Release|Any CPU
		{02A27E0A-4EE0-4065-8214-CFC041C7BD61}.Debug|Any CPU.ActiveCfg = Debug|Any CPU
		{02A27E0A-4EE0-4065-8214-CFC041C7BD61}.Debug|Any CPU.Build.0 = Debug|Any CPU
		{02A27E0A-4EE0-4065-8214-CFC041C7BD61}.Release|Any CPU.ActiveCfg = Release|Any CPU
		{02A27E0A-4EE0-4065-8214-CFC041C7BD61}.Release|Any CPU.Build.0 = Release|Any CPU
		{EA459B9B-0F4E-45C3-ADD4-71838C924070}.Debug|Any CPU.ActiveCfg = Debug|Any CPU
		{EA459B9B-0F4E-45C3-ADD4-71838C924070}.Debug|Any CPU.Build.0 = Debug|Any CPU
		{EA459B9B-0F4E-45C3-ADD4-71838C924070}.Release|Any CPU.ActiveCfg = Release|Any CPU
		{EA459B9B-0F4E-45C3-ADD4-71838C924070}.Release|Any CPU.Build.0 = Release|Any CPU
		{A1D725A7-2C9D-4AB3-964A-039ECEAA0C94}.Debug|Any CPU.ActiveCfg = Debug|Any CPU
		{A1D725A7-2C9D-4AB3-964A-039ECEAA0C94}.Debug|Any CPU.Build.0 = Debug|Any CPU
		{A1D725A7-2C9D-4AB3-964A-039ECEAA0C94}.Release|Any CPU.ActiveCfg = Release|Any CPU
		{A1D725A7-2C9D-4AB3-964A-039ECEAA0C94}.Release|Any CPU.Build.0 = Release|Any CPU
		{1BC8A09B-4325-4BA0-9D7D-2DDF07A20B8C}.Debug|Any CPU.ActiveCfg = Debug|Any CPU
		{1BC8A09B-4325-4BA0-9D7D-2DDF07A20B8C}.Debug|Any CPU.Build.0 = Debug|Any CPU
		{1BC8A09B-4325-4BA0-9D7D-2DDF07A20B8C}.Release|Any CPU.ActiveCfg = Release|Any CPU
		{1BC8A09B-4325-4BA0-9D7D-2DDF07A20B8C}.Release|Any CPU.Build.0 = Release|Any CPU
		{7B3832E0-75B3-4ADB-A7B9-780A01C66D7F}.Debug|Any CPU.ActiveCfg = Debug|Any CPU
		{7B3832E0-75B3-4ADB-A7B9-780A01C66D7F}.Debug|Any CPU.Build.0 = Debug|Any CPU
		{7B3832E0-75B3-4ADB-A7B9-780A01C66D7F}.Release|Any CPU.ActiveCfg = Release|Any CPU
		{7B3832E0-75B3-4ADB-A7B9-780A01C66D7F}.Release|Any CPU.Build.0 = Release|Any CPU
	EndGlobalSection
	GlobalSection(SolutionProperties) = preSolution
		HideSolutionNode = FALSE
	EndGlobalSection
	GlobalSection(ExtensibilityGlobals) = postSolution
		SolutionGuid = {7615C2D0-CAAB-4164-9DA9-2834DEE25CE5}
	EndGlobalSection
EndGlobal
